Microsoft Visual Studio Solution File, Format Version 12.00
# Visual Studio Version 17
VisualStudioVersion = 17.5.2.0
MinimumVisualStudioVersion = 10.0.40219.1
Project("{FAE04EC0-301F-11D3-BF4B-00C04F79EFBC}") = "copilot_calculator_plain_duplication", "copilot_calculator_plain_duplication.csproj", "{ECE43349-638C-4EDC-F043-BCD998D8D64E}"
EndProject
Global
	GlobalSection(SolutionConfigurationPlatforms) = preSolution
		Debug|Any CPU = Debug|Any CPU
		Release|Any CPU = Release|Any CPU
	EndGlobalSection
	GlobalSection(ProjectConfigurationPlatforms) = postSolution
		{ECE43349-638C-4EDC-F043-BCD998D8D64E}.Debug|Any CPU.ActiveCfg = Debug|Any CPU
		{ECE43349-638C-4EDC-F043-BCD998D8D64E}.Debug|Any CPU.Build.0 = Debug|Any CPU
		{ECE43349-638C-4EDC-F043-BCD998D8D64E}.Release|Any CPU.ActiveCfg = Release|Any CPU
		{ECE43349-638C-4EDC-F043-BCD998D8D64E}.Release|Any CPU.Build.0 = Release|Any CPU
	EndGlobalSection
	GlobalSection(SolutionProperties) = preSolution
		HideSolutionNode = FALSE
	EndGlobalSection
	GlobalSection(ExtensibilityGlobals) = postSolution
		SolutionGuid = {AB78C675-1BD2-42C7-906D-4FE45BC1B2DD}
	EndGlobalSection
EndGlobal
